
Microsoft Visual Studio Solution File, Format Version 12.00
# Visual Studio Version 16
VisualStudioVersion = 16.0.29201.188
MinimumVisualStudioVersion = 10.0.40219.1
Project("{FAE04EC0-301F-11D3-BF4B-00C04F79EFBC}") = "todo-api", "todo-api.csproj", "{8ED86FCD-8BFD-4D4C-A6BB-2BE235B06FB1}"
EndProject
Global
	GlobalSection(SolutionConfigurationPlatforms) = preSolution
		Debug|Any CPU = Debug|Any CPU
		Release|Any CPU = Release|Any CPU
	EndGlobalSection
	GlobalSection(ProjectConfigurationPlatforms) = postSolution
		{8ED86FCD-8BFD-4D4C-A6BB-2BE235B06FB1}.Debug|Any CPU.ActiveCfg = Debug|Any CPU
		{8ED86FCD-8BFD-4D4C-A6BB-2BE235B06FB1}.Debug|Any CPU.Build.0 = Debug|Any CPU
		{8ED86FCD-8BFD-4D4C-A6BB-2BE235B06FB1}.Release|Any CPU.ActiveCfg = Release|Any CPU
		{8ED86FCD-8BFD-4D4C-A6BB-2BE235B06FB1}.Release|Any CPU.Build.0 = Release|Any CPU
	EndGlobalSection
	GlobalSection(SolutionProperties) = preSolution
		HideSolutionNode = FALSE
	EndGlobalSection
	GlobalSection(ExtensibilityGlobals) = postSolution
		SolutionGuid = {088CF029-7A93-4C2F-8C60-2D9753EDC961}
	EndGlobalSection
EndGlobal
